{
    "_readme": [
        "This file locks the dependencies of your project to a known state",
        "Read more about it at https://getcomposer.org/doc/01-basic-usage.md#installing-dependencies",
        "This file is @generated automatically"
    ],
    "content-hash": "112cf32457593e600fd67c88df5b45e4",
    "packages": [],
    "packages-dev": [
        {
            "name": "laravel/pint",
            "version": "v1.6.0",
            "source": {
                "type": "git",
                "url": "https://github.com/laravel/pint.git",
                "reference": "e48e3fadd7863d6b7d03464f5c4f211a828b890f"
            },
            "dist": {
                "type": "zip",
                "url": "https://api.github.com/repos/laravel/pint/zipball/e48e3fadd7863d6b7d03464f5c4f211a828b890f",
                "reference": "e48e3fadd7863d6b7d03464f5c4f211a828b890f",
                "shasum": ""
            },
            "require": {
                "ext-json": "*",
                "ext-mbstring": "*",
                "ext-tokenizer": "*",
                "ext-xml": "*",
                "php": "^8.1.0"
            },
            "require-dev": {
                "friendsofphp/php-cs-fixer": "^3.14.4",
                "illuminate/view": "^10.0.0",
                "laravel-zero/framework": "^10.0.0",
                "mockery/mockery": "^1.5.1",
                "nunomaduro/larastan": "^2.4.0",
                "nunomaduro/termwind": "^1.15.1",
                "pestphp/pest": "^1.22.4"
            },
            "bin": [
                "builds/pint"
            ],
            "type": "project",
            "autoload": {
                "psr-4": {
                    "App\\": "app/",
                    "Database\\Seeders\\": "database/seeders/",
                    "Database\\Factories\\": "database/factories/"
                }
            },
            "notification-url": "https://packagist.org/downloads/",
            "license": [
                "MIT"
            ],
            "authors": [
                {
                    "name": "Nuno Maduro",
                    "email": "enunomaduro@gmail.com"
                }
            ],
            "description": "An opinionated code formatter for PHP.",
            "homepage": "https://laravel.com",
            "keywords": [
                "format",
                "formatter",
                "lint",
                "linter",
                "php"
            ],
            "support": {
                "issues": "https://github.com/laravel/pint/issues",
                "source": "https://github.com/laravel/pint"
            },
            "time": "2023-02-21T15:44:57+00:00"
        }
    ],
    "aliases": [],
    "minimum-stability": "stable",
    "stability-flags": [],
    "prefer-stable": false,
    "prefer-lowest": false,
    "platform": {
        "php": ">=8.2"
    },
    "platform-dev": [],
    "plugin-api-version": "2.3.0"
}
